
Microsoft Visual Studio Solution File, Format Version 12.00
# Visual Studio 15
VisualStudioVersion = 15.0.27703.2026
MinimumVisualStudioVersion = 10.0.40219.1
Project("{FAE04EC0-301F-11D3-BF4B-00C04F79EFBC}") = "01Basic", "01Basic\01Basic.csproj", "{A8227012-5A2F-4BD2-87BD-7A84D52CB47E}"
EndProject
Global
	GlobalSection(SolutionConfigurationPlatforms) = preSolution
		Debug|Any CPU = Debug|Any CPU
		Release|Any CPU = Release|Any CPU
	EndGlobalSection
	GlobalSection(ProjectConfigurationPlatforms) = postSolution
		{A8227012-5A2F-4BD2-87BD-7A84D52CB47E}.Debug|Any CPU.ActiveCfg = Debug|Any CPU
		{A8227012-5A2F-4BD2-87BD-7A84D52CB47E}.Debug|Any CPU.Build.0 = Debug|Any CPU
		{A8227012-5A2F-4BD2-87BD-7A84D52CB47E}.Release|Any CPU.ActiveCfg = Release|Any CPU
		{A8227012-5A2F-4BD2-87BD-7A84D52CB47E}.Release|Any CPU.Build.0 = Release|Any CPU
	EndGlobalSection
	GlobalSection(SolutionProperties) = preSolution
		HideSolutionNode = FALSE
	EndGlobalSection
	GlobalSection(ExtensibilityGlobals) = postSolution
		SolutionGuid = {A86A15D0-3184-4E89-B56B-978308F69E12}
	EndGlobalSection
EndGlobal
